
Microsoft Visual Studio Solution File, Format Version 12.00
# Visual Studio 15
VisualStudioVersion = 15.0.26124.0
MinimumVisualStudioVersion = 15.0.26124.0
Project("{FAE04EC0-301F-11D3-BF4B-00C04F79EFBC}") = "NoskheAPI_Beta", "NoskheAPI_Beta\NoskheAPI_Beta.csproj", "{990FFA1E-73BC-4C0F-A469-C47C1BBA9511}"
EndProject
Project("{FAE04EC0-301F-11D3-BF4B-00C04F79EFBC}") = "NoskheBackend_Beta", "NoskheBackend_Beta\NoskheBackend_Beta.csproj", "{0E2931FF-0AF9-47FD-9ED8-8A206F682079}"
EndProject
Global
	GlobalSection(SolutionConfigurationPlatforms) = preSolution
		Debug|Any CPU = Debug|Any CPU
		Debug|x64 = Debug|x64
		Debug|x86 = Debug|x86
		Release|Any CPU = Release|Any CPU
		Release|x64 = Release|x64
		Release|x86 = Release|x86
	EndGlobalSection
	GlobalSection(SolutionProperties) = preSolution
		HideSolutionNode = FALSE
	EndGlobalSection
	GlobalSection(ProjectConfigurationPlatforms) = postSolution
		{990FFA1E-73BC-4C0F-A469-C47C1BBA9511}.Debug|Any CPU.ActiveCfg = Debug|Any CPU
		{990FFA1E-73BC-4C0F-A469-C47C1BBA9511}.Debug|Any CPU.Build.0 = Debug|Any CPU
		{990FFA1E-73BC-4C0F-A469-C47C1BBA9511}.Debug|x64.ActiveCfg = Debug|Any CPU
		{990FFA1E-73BC-4C0F-A469-C47C1BBA9511}.Debug|x64.Build.0 = Debug|Any CPU
		{990FFA1E-73BC-4C0F-A469-C47C1BBA9511}.Debug|x86.ActiveCfg = Debug|Any CPU
		{990FFA1E-73BC-4C0F-A469-C47C1BBA9511}.Debug|x86.Build.0 = Debug|Any CPU
		{990FFA1E-73BC-4C0F-A469-C47C1BBA9511}.Release|Any CPU.ActiveCfg = Release|Any CPU
		{990FFA1E-73BC-4C0F-A469-C47C1BBA9511}.Release|Any CPU.Build.0 = Release|Any CPU
		{990FFA1E-73BC-4C0F-A469-C47C1BBA9511}.Release|x64.ActiveCfg = Release|Any CPU
		{990FFA1E-73BC-4C0F-A469-C47C1BBA9511}.Release|x64.Build.0 = Release|Any CPU
		{990FFA1E-73BC-4C0F-A469-C47C1BBA9511}.Release|x86.ActiveCfg = Release|Any CPU
		{990FFA1E-73BC-4C0F-A469-C47C1BBA9511}.Release|x86.Build.0 = Release|Any CPU
		{0E2931FF-0AF9-47FD-9ED8-8A206F682079}.Debug|Any CPU.ActiveCfg = Debug|Any CPU
		{0E2931FF-0AF9-47FD-9ED8-8A206F682079}.Debug|Any CPU.Build.0 = Debug|Any CPU
		{0E2931FF-0AF9-47FD-9ED8-8A206F682079}.Debug|x64.ActiveCfg = Debug|Any CPU
		{0E2931FF-0AF9-47FD-9ED8-8A206F682079}.Debug|x64.Build.0 = Debug|Any CPU
		{0E2931FF-0AF9-47FD-9ED8-8A206F682079}.Debug|x86.ActiveCfg = Debug|Any CPU
		{0E2931FF-0AF9-47FD-9ED8-8A206F682079}.Debug|x86.Build.0 = Debug|Any CPU
		{0E2931FF-0AF9-47FD-9ED8-8A206F682079}.Release|Any CPU.ActiveCfg = Release|Any CPU
		{0E2931FF-0AF9-47FD-9ED8-8A206F682079}.Release|Any CPU.Build.0 = Release|Any CPU
		{0E2931FF-0AF9-47FD-9ED8-8A206F682079}.Release|x64.ActiveCfg = Release|Any CPU
		{0E2931FF-0AF9-47FD-9ED8-8A206F682079}.Release|x64.Build.0 = Release|Any CPU
		{0E2931FF-0AF9-47FD-9ED8-8A206F682079}.Release|x86.ActiveCfg = Release|Any CPU
		{0E2931FF-0AF9-47FD-9ED8-8A206F682079}.Release|x86.Build.0 = Release|Any CPU
	EndGlobalSection
EndGlobal
